
Microsoft Visual Studio Solution File, Format Version 12.00
# Visual Studio Version 16
VisualStudioVersion = 16.0.31410.357
MinimumVisualStudioVersion = 10.0.40219.1
Project("{FAE04EC0-301F-11D3-BF4B-00C04F79EFBC}") = "ATM", "ATM\ATM.csproj", "{78B7EF86-0C61-49D8-B357-09609C207DAC}"
EndProject
Global
	GlobalSection(SolutionConfigurationPlatforms) = preSolution
		Debug|Any CPU = Debug|Any CPU
		Release|Any CPU = Release|Any CPU
	EndGlobalSection
	GlobalSection(ProjectConfigurationPlatforms) = postSolution
		{78B7EF86-0C61-49D8-B357-09609C207DAC}.Debug|Any CPU.ActiveCfg = Debug|Any CPU
		{78B7EF86-0C61-49D8-B357-09609C207DAC}.Debug|Any CPU.Build.0 = Debug|Any CPU
		{78B7EF86-0C61-49D8-B357-09609C207DAC}.Release|Any CPU.ActiveCfg = Release|Any CPU
		{78B7EF86-0C61-49D8-B357-09609C207DAC}.Release|Any CPU.Build.0 = Release|Any CPU
	EndGlobalSection
	GlobalSection(SolutionProperties) = preSolution
		HideSolutionNode = FALSE
	EndGlobalSection
	GlobalSection(ExtensibilityGlobals) = postSolution
		SolutionGuid = {D1B5261E-3E0E-4388-998E-A809A9542CB9}
	EndGlobalSection
EndGlobal
